
Microsoft Visual Studio Solution File, Format Version 12.00
# Visual Studio Version 16
VisualStudioVersion = 16.0.31702.278
MinimumVisualStudioVersion = 10.0.40219.1
Project("{9A19103F-16F7-4668-BE54-9A1E7A4F7556}") = "Dictionaries", "Dictionary\Dictionaries.csproj", "{F5E7E9D6-2164-4D8E-8EA8-24E1C7410717}"
EndProject
Global
	GlobalSection(SolutionConfigurationPlatforms) = preSolution
		Debug|Any CPU = Debug|Any CPU
		Release|Any CPU = Release|Any CPU
	EndGlobalSection
	GlobalSection(ProjectConfigurationPlatforms) = postSolution
		{F5E7E9D6-2164-4D8E-8EA8-24E1C7410717}.Debug|Any CPU.ActiveCfg = Debug|Any CPU
		{F5E7E9D6-2164-4D8E-8EA8-24E1C7410717}.Debug|Any CPU.Build.0 = Debug|Any CPU
		{F5E7E9D6-2164-4D8E-8EA8-24E1C7410717}.Release|Any CPU.ActiveCfg = Release|Any CPU
		{F5E7E9D6-2164-4D8E-8EA8-24E1C7410717}.Release|Any CPU.Build.0 = Release|Any CPU
	EndGlobalSection
	GlobalSection(SolutionProperties) = preSolution
		HideSolutionNode = FALSE
	EndGlobalSection
	GlobalSection(ExtensibilityGlobals) = postSolution
		SolutionGuid = {1EAFA3C9-0C33-415D-99CB-A287D5FA601F}
	EndGlobalSection
EndGlobal
